
Microsoft Visual Studio Solution File, Format Version 12.00
# Visual Studio Version 17
VisualStudioVersion = 17.2.32519.379
MinimumVisualStudioVersion = 10.0.40219.1
Project("{FAE04EC0-301F-11D3-BF4B-00C04F79EFBC}") = "M335MobileApp.Android", "M335MobileApp.Android\M335MobileApp.Android.csproj", "{4A688DBF-0874-4DD1-9D88-BB7EDCF0856C}"
EndProject
Project("{FAE04EC0-301F-11D3-BF4B-00C04F79EFBC}") = "M335MobileApp", "M335MobileApp\M335MobileApp.csproj", "{DC588203-B945-4E87-93E8-9CC0050C2BFB}"
EndProject
Global
	GlobalSection(SolutionConfigurationPlatforms) = preSolution
		Debug|Any CPU = Debug|Any CPU
		Debug|iPhone = Debug|iPhone
		Debug|iPhoneSimulator = Debug|iPhoneSimulator
		Release|Any CPU = Release|Any CPU
		Release|iPhone = Release|iPhone
		Release|iPhoneSimulator = Release|iPhoneSimulator
	EndGlobalSection
	GlobalSection(ProjectConfigurationPlatforms) = postSolution
		{4A688DBF-0874-4DD1-9D88-BB7EDCF0856C}.Debug|Any CPU.ActiveCfg = Debug|Any CPU
		{4A688DBF-0874-4DD1-9D88-BB7EDCF0856C}.Debug|Any CPU.Build.0 = Debug|Any CPU
		{4A688DBF-0874-4DD1-9D88-BB7EDCF0856C}.Debug|Any CPU.Deploy.0 = Debug|Any CPU
		{4A688DBF-0874-4DD1-9D88-BB7EDCF0856C}.Debug|iPhone.ActiveCfg = Debug|Any CPU
		{4A688DBF-0874-4DD1-9D88-BB7EDCF0856C}.Debug|iPhone.Build.0 = Debug|Any CPU
		{4A688DBF-0874-4DD1-9D88-BB7EDCF0856C}.Debug|iPhone.Deploy.0 = Debug|Any CPU
		{4A688DBF-0874-4DD1-9D88-BB7EDCF0856C}.Debug|iPhoneSimulator.ActiveCfg = Debug|Any CPU
		{4A688DBF-0874-4DD1-9D88-BB7EDCF0856C}.Debug|iPhoneSimulator.Build.0 = Debug|Any CPU
		{4A688DBF-0874-4DD1-9D88-BB7EDCF0856C}.Debug|iPhoneSimulator.Deploy.0 = Debug|Any CPU
		{4A688DBF-0874-4DD1-9D88-BB7EDCF0856C}.Release|Any CPU.ActiveCfg = Release|Any CPU
		{4A688DBF-0874-4DD1-9D88-BB7EDCF0856C}.Release|Any CPU.Build.0 = Release|Any CPU
		{4A688DBF-0874-4DD1-9D88-BB7EDCF0856C}.Release|Any CPU.Deploy.0 = Release|Any CPU
		{4A688DBF-0874-4DD1-9D88-BB7EDCF0856C}.Release|iPhone.ActiveCfg = Release|Any CPU
		{4A688DBF-0874-4DD1-9D88-BB7EDCF0856C}.Release|iPhone.Build.0 = Release|Any CPU
		{4A688DBF-0874-4DD1-9D88-BB7EDCF0856C}.Release|iPhone.Deploy.0 = Release|Any CPU
		{4A688DBF-0874-4DD1-9D88-BB7EDCF0856C}.Release|iPhoneSimulator.ActiveCfg = Release|Any CPU
		{4A688DBF-0874-4DD1-9D88-BB7EDCF0856C}.Release|iPhoneSimulator.Build.0 = Release|Any CPU
		{4A688DBF-0874-4DD1-9D88-BB7EDCF0856C}.Release|iPhoneSimulator.Deploy.0 = Release|Any CPU
		{DC588203-B945-4E87-93E8-9CC0050C2BFB}.Debug|Any CPU.ActiveCfg = Debug|Any CPU
		{DC588203-B945-4E87-93E8-9CC0050C2BFB}.Debug|Any CPU.Build.0 = Debug|Any CPU
		{DC588203-B945-4E87-93E8-9CC0050C2BFB}.Debug|Any CPU.Deploy.0 = Debug|Any CPU
		{DC588203-B945-4E87-93E8-9CC0050C2BFB}.Debug|iPhone.ActiveCfg = Debug|Any CPU
		{DC588203-B945-4E87-93E8-9CC0050C2BFB}.Debug|iPhone.Build.0 = Debug|Any CPU
		{DC588203-B945-4E87-93E8-9CC0050C2BFB}.Debug|iPhone.Deploy.0 = Debug|Any CPU
		{DC588203-B945-4E87-93E8-9CC0050C2BFB}.Debug|iPhoneSimulator.ActiveCfg = Debug|Any CPU
		{DC588203-B945-4E87-93E8-9CC0050C2BFB}.Debug|iPhoneSimulator.Build.0 = Debug|Any CPU
		{DC588203-B945-4E87-93E8-9CC0050C2BFB}.Debug|iPhoneSimulator.Deploy.0 = Debug|Any CPU
		{DC588203-B945-4E87-93E8-9CC0050C2BFB}.Release|Any CPU.ActiveCfg = Release|Any CPU
		{DC588203-B945-4E87-93E8-9CC0050C2BFB}.Release|Any CPU.Build.0 = Release|Any CPU
		{DC588203-B945-4E87-93E8-9CC0050C2BFB}.Release|Any CPU.Deploy.0 = Release|Any CPU
		{DC588203-B945-4E87-93E8-9CC0050C2BFB}.Release|iPhone.ActiveCfg = Release|Any CPU
		{DC588203-B945-4E87-93E8-9CC0050C2BFB}.Release|iPhone.Build.0 = Release|Any CPU
		{DC588203-B945-4E87-93E8-9CC0050C2BFB}.Release|iPhone.Deploy.0 = Release|Any CPU
		{DC588203-B945-4E87-93E8-9CC0050C2BFB}.Release|iPhoneSimulator.ActiveCfg = Release|Any CPU
		{DC588203-B945-4E87-93E8-9CC0050C2BFB}.Release|iPhoneSimulator.Build.0 = Release|Any CPU
		{DC588203-B945-4E87-93E8-9CC0050C2BFB}.Release|iPhoneSimulator.Deploy.0 = Release|Any CPU
	EndGlobalSection
	GlobalSection(SolutionProperties) = preSolution
		HideSolutionNode = FALSE
	EndGlobalSection
	GlobalSection(ExtensibilityGlobals) = postSolution
		SolutionGuid = {842E9D6C-D09A-4D74-8FC5-22EE631CB37A}
	EndGlobalSection
EndGlobal
